{
  "object": {
    "pins": [
      {
        "package": "BigInt",
        "repositoryURL": "https://github.com/attaswift/BigInt.git",
        "state": {
          "branch": null,
          "revision": "0ed110f7555c34ff468e72e1686e59721f2b0da6",
          "version": "5.3.0"
        }
      },
      {
        "package": "BIP39swift",
        "repositoryURL": "https://github.com/mathwallet/BIP39swift",
        "state": {
          "branch": null,
          "revision": "6e654c1fedac7dc3f01443d8bdf108ab6d50245d",
          "version": "1.0.1"
        }
      },
      {
        "package": "CryptoSwift",
        "repositoryURL": "https://github.com/krzyzanowskim/CryptoSwift.git",
        "state": {
          "branch": null,
          "revision": "19b3c3ceed117c5cc883517c4e658548315ba70b",
          "version": "1.6.0"
        }
      },
      {
        "package": "PromiseKit",
        "repositoryURL": "https://github.com/mxcl/PromiseKit.git",
        "state": {
          "branch": null,
          "revision": "5b90042bb419e6f3b1719c973f37e1eab46ce991",
          "version": "6.21.0"
        }
      },
      {
        "package": "TweetNacl",
        "repositoryURL": "https://github.com/lishuailibertine/tweetnacl-swiftwrap",
        "state": {
          "branch": null,
          "revision": "80afe3695c4613517c2b5d04b5d3ae41bda33647",
          "version": "1.0.5"
        }
      }
    ]
  },
  "version": 1
}
