{
  "object": {
    "pins": [
      {
        "package": "Alamofire",
        "repositoryURL": "https://github.com/Alamofire/Alamofire.git",
        "state": {
          "branch": null,
          "revision": "f455c2975872ccd2d9c81594c658af65716e9b9a",
          "version": "5.9.1"
        }
      },
      {
        "package": "AnyCodable",
        "repositoryURL": "https://github.com/Flight-School/AnyCodable.git",
        "state": {
          "branch": null,
          "revision": "69261f239f0fffaf51495dadc4f8483fbfe97025",
          "version": "0.6.1"
        }
      },
      {
        "package": "BigInt",
        "repositoryURL": "https://github.com/attaswift/BigInt.git",
        "state": {
          "branch": null,
          "revision": "0ed110f7555c34ff468e72e1686e59721f2b0da6",
          "version": "5.3.0"
        }
      },
      {
        "package": "BIP39swift",
        "repositoryURL": "https://github.com/mathwallet/BIP39swift",
        "state": {
          "branch": null,
          "revision": "6e654c1fedac7dc3f01443d8bdf108ab6d50245d",
          "version": "1.0.1"
        }
      },
      {
        "package": "CryptoSwift",
        "repositoryURL": "https://github.com/krzyzanowskim/CryptoSwift.git",
        "state": {
          "branch": null,
          "revision": "c9c3df6ab812de32bae61fc0cd1bf6d45170ebf0",
          "version": "1.8.2"
        }
      },
      {
        "package": "PromiseKit",
        "repositoryURL": "https://github.com/mxcl/PromiseKit.git",
        "state": {
          "branch": null,
          "revision": "cb70b070cde06837cd10a1febdf6105c1a3bb348",
          "version": "8.1.1"
        }
      },
      {
        "package": "TweetNacl",
        "repositoryURL": "https://github.com/lishuailibertine/tweetnacl-swiftwrap",
        "state": {
          "branch": null,
          "revision": "80afe3695c4613517c2b5d04b5d3ae41bda33647",
          "version": "1.0.5"
        }
      }
    ]
  },
  "version": 1
}
